
Microsoft Visual Studio Solution File, Format Version 12.00
# Visual Studio Version 16
VisualStudioVersion = 16.0.30413.136
MinimumVisualStudioVersion = 10.0.40219.1
Project("{9A19103F-16F7-4668-BE54-9A1E7A4F7556}") = "Vs.Simulation.Core", "Vs.Simulation.Core\Vs.Simulation.Core.csproj", "{757E9056-3576-476C-8851-1672A520B883}"
EndProject
Project("{9A19103F-16F7-4668-BE54-9A1E7A4F7556}") = "Vs.Simulation.Core.Tests", "Vs.Simulation.Core.Tests\Vs.Simulation.Core.Tests.csproj", "{69E5A413-3EA4-4069-BEE8-97027C0D05E4}"
EndProject
Project("{9A19103F-16F7-4668-BE54-9A1E7A4F7556}") = "Vs.Simulation.Terminal2", "Vs.Simulation.Terminal2\Vs.Simulation.Terminal2.csproj", "{F8D10479-EBF2-407A-9BFC-63F671D16B6E}"
EndProject
Global
	GlobalSection(SolutionConfigurationPlatforms) = preSolution
		Debug|Any CPU = Debug|Any CPU
		Release|Any CPU = Release|Any CPU
	EndGlobalSection
	GlobalSection(ProjectConfigurationPlatforms) = postSolution
		{757E9056-3576-476C-8851-1672A520B883}.Debug|Any CPU.ActiveCfg = Debug|Any CPU
		{757E9056-3576-476C-8851-1672A520B883}.Debug|Any CPU.Build.0 = Debug|Any CPU
		{757E9056-3576-476C-8851-1672A520B883}.Release|Any CPU.ActiveCfg = Release|Any CPU
		{757E9056-3576-476C-8851-1672A520B883}.Release|Any CPU.Build.0 = Release|Any CPU
		{69E5A413-3EA4-4069-BEE8-97027C0D05E4}.Debug|Any CPU.ActiveCfg = Debug|Any CPU
		{69E5A413-3EA4-4069-BEE8-97027C0D05E4}.Debug|Any CPU.Build.0 = Debug|Any CPU
		{69E5A413-3EA4-4069-BEE8-97027C0D05E4}.Release|Any CPU.ActiveCfg = Release|Any CPU
		{69E5A413-3EA4-4069-BEE8-97027C0D05E4}.Release|Any CPU.Build.0 = Release|Any CPU
		{F8D10479-EBF2-407A-9BFC-63F671D16B6E}.Debug|Any CPU.ActiveCfg = Debug|Any CPU
		{F8D10479-EBF2-407A-9BFC-63F671D16B6E}.Debug|Any CPU.Build.0 = Debug|Any CPU
		{F8D10479-EBF2-407A-9BFC-63F671D16B6E}.Release|Any CPU.ActiveCfg = Release|Any CPU
		{F8D10479-EBF2-407A-9BFC-63F671D16B6E}.Release|Any CPU.Build.0 = Release|Any CPU
	EndGlobalSection
	GlobalSection(SolutionProperties) = preSolution
		HideSolutionNode = FALSE
	EndGlobalSection
	GlobalSection(ExtensibilityGlobals) = postSolution
		SolutionGuid = {66E4D66A-BB83-4849-A33D-A084FF3CADDF}
	EndGlobalSection
EndGlobal
